{
  "name": "teams-webhook-weatherbot-sample",
  "version": "1.0.0",
  "lockfileVersion": 1,
  "requires": true,
  "dependencies": {
    "@azure/functions": {
      "version": "3.0.0",
      "resolved": "https://registry.npmjs.org/@azure/functions/-/functions-3.0.0.tgz",
      "integrity": "sha512-nxOdQdYoy9JEdAPsQlBWavsRvbH5qT2fpwMcY64s1sLIT8QwtW7ebh/MJNgzeAac+JaC6IED7plDiizq8oZUNw==",
      "dev": true
    },
    "@azure/ms-rest-js": {
      "version": "1.9.1",
      "resolved": "https://registry.npmjs.org/@azure/ms-rest-js/-/ms-rest-js-1.9.1.tgz",
      "integrity": "sha512-F1crHKhmsvFLM9fsnDyCGFd2E2KR9GEZm5oBVV5D5k2EBQ7u7idtSJlSF6RDLDIrGWtc4NnFdYwsoiW8NLlBQg==",
      "requires": {
        "@types/tunnel": "0.0.0",
        "axios": "^0.21.1",
        "form-data": "^2.3.2",
        "tough-cookie": "^2.4.3",
        "tslib": "^1.9.2",
        "tunnel": "0.0.6",
        "uuid": "^3.2.1",
        "xml2js": "^0.4.19"
      },
      "dependencies": {
        "axios": {
          "version": "0.21.4",
          "resolved": "https://registry.npmjs.org/axios/-/axios-0.21.4.tgz",
          "integrity": "sha512-ut5vewkiu8jjGBdqpM44XxjuCjq9LAKeHVmoVfHVzy8eHgxxq8SbAVQNovDA8mVi05kP0Ea/n/UzcSHcTJQfNg==",
          "requires": {
            "follow-redirects": "^1.14.0"
          }
        },
        "uuid": {
          "version": "3.4.0",
          "resolved": "https://registry.npmjs.org/uuid/-/uuid-3.4.0.tgz",
          "integrity": "sha512-HjSDRw6gZE5JMggctHBcjVak08+KEVhSIiDzFnT9S9aegmp85S/bReBVTb4QTFaRNptJ9kuYaNhnbNEOkbKb/A=="
        }
      }
    },
    "@microsoft/recognizers-text-data-types-timex-expression": {
      "version": "1.3.0",
      "resolved": "https://registry.npmjs.org/@microsoft/recognizers-text-data-types-timex-expression/-/recognizers-text-data-types-timex-expression-1.3.0.tgz",
      "integrity": "sha512-REHUXmMUI1jL3b9v+aSdzKxLxRdejsfg9McYRxY3LW0Gu4UbwD7Q+K6mtSo40cwg8uh6fiV9GY8hDuKXHH6dVA=="
    },
    "@types/atob-lite": {
      "version": "2.0.0",
      "resolved": "https://registry.npmjs.org/@types/atob-lite/-/atob-lite-2.0.0.tgz",
      "integrity": "sha512-7bjymPR7Ffa1/L3HskkaxMgTQDtwFObbISzHm9g3T12VyD89IiHS3BBVojlQHyZRiIilzdh0WT1gwwgyyBtLGQ=="
    },
    "@types/btoa-lite": {
      "version": "1.0.0",
      "resolved": "https://registry.npmjs.org/@types/btoa-lite/-/btoa-lite-1.0.0.tgz",
      "integrity": "sha512-wJsiX1tosQ+J5+bY5LrSahHxr2wT+uME5UDwdN1kg4frt40euqA+wzECkmq4t5QbveHiJepfdThgQrPw6KiSlg=="
    },
    "@types/jsonwebtoken": {
      "version": "7.2.8",
      "resolved": "https://registry.npmjs.org/@types/jsonwebtoken/-/jsonwebtoken-7.2.8.tgz",
      "integrity": "sha512-XENN3YzEB8D6TiUww0O8SRznzy1v+77lH7UmuN54xq/IHIsyWjWOzZuFFTtoiRuaE782uAoRwBe/wwow+vQXZw==",
      "requires": {
        "@types/node": "*"
      }
    },
    "@types/lodash": {
      "version": "4.14.176",
      "resolved": "https://registry.npmjs.org/@types/lodash/-/lodash-4.14.176.tgz",
      "integrity": "sha512-xZmuPTa3rlZoIbtDUyJKZQimJV3bxCmzMIO2c9Pz9afyDro6kr7R79GwcB6mRhuoPmV2p1Vb66WOJH7F886WKQ=="
    },
    "@types/lodash.isequal": {
      "version": "4.5.5",
      "resolved": "https://registry.npmjs.org/@types/lodash.isequal/-/lodash.isequal-4.5.5.tgz",
      "integrity": "sha512-4IKbinG7MGP131wRfceK6W4E/Qt3qssEFLF30LnJbjYiSfHGGRU/Io8YxXrZX109ir+iDETC8hw8QsDijukUVg==",
      "requires": {
        "@types/lodash": "*"
      }
    },
    "@types/lru-cache": {
      "version": "5.1.1",
      "resolved": "https://registry.npmjs.org/@types/lru-cache/-/lru-cache-5.1.1.tgz",
      "integrity": "sha512-ssE3Vlrys7sdIzs5LOxCzTVMsU7i9oa/IaW92wF32JFb3CVczqOkru2xspuKczHEbG3nvmPY7IFqVmGGHdNbYw=="
    },
    "@types/node": {
      "version": "16.11.2",
      "resolved": "https://registry.npmjs.org/@types/node/-/node-16.11.2.tgz",
      "integrity": "sha512-w34LtBB0OkDTs19FQHXy4Ig/TOXI4zqvXS2Kk1PAsRKZ0I+nik7LlMYxckW0tSNGtvWmzB+mrCTbuEjuB9DVsw=="
    },
    "@types/tunnel": {
      "version": "0.0.0",
      "resolved": "https://registry.npmjs.org/@types/tunnel/-/tunnel-0.0.0.tgz",
      "integrity": "sha512-FGDp0iBRiBdPjOgjJmn1NH0KDLN+Z8fRmo+9J7XGBhubq1DPrGrbmG4UTlGzrpbCpesMqD0sWkzi27EYkOMHyg==",
      "requires": {
        "@types/node": "*"
      }
    },
    "@types/ws": {
      "version": "6.0.4",
      "resolved": "https://registry.npmjs.org/@types/ws/-/ws-6.0.4.tgz",
      "integrity": "sha512-PpPrX7SZW9re6+Ha8ojZG4Se8AZXgf0GK6zmfqEuCsY49LFDNXO3SByp44X3dFEqtB73lkCDAdUazhAjVPiNwg==",
      "requires": {
        "@types/node": "*"
      }
    },
    "@types/xmldom": {
      "version": "0.1.31",
      "resolved": "https://registry.npmjs.org/@types/xmldom/-/xmldom-0.1.31.tgz",
      "integrity": "sha512-bVy7s0nvaR5D1mT1a8ZkByHWNOGb6Vn4yi5TWhEdmyKlAG+08SA7Md6+jH+tYmMLueAwNeWvHHpeKrr6S4c4BA=="
    },
    "@xmldom/xmldom": {
      "version": "0.7.5",
      "resolved": "https://registry.npmjs.org/@xmldom/xmldom/-/xmldom-0.7.5.tgz",
      "integrity": "sha512-V3BIhmY36fXZ1OtVcI9W+FxQqxVLsPKcNjWigIaa81dLC9IolJl5Mt4Cvhmr0flUnjSpTdrbMTSbXqYqV5dT6A=="
    },
    "adal-node": {
      "version": "0.2.2",
      "resolved": "https://registry.npmjs.org/adal-node/-/adal-node-0.2.2.tgz",
      "integrity": "sha512-luzQ9cXOjUlZoCiWeYbyR+nHwScSrPTDTbOInFphQs/PnwNz6wAIVkbsHEXtvYBnjLctByTTI8ccfpGX100oRQ==",
      "requires": {
        "@types/node": "^8.0.47",
        "async": "^2.6.3",
        "axios": "^0.21.1",
        "date-utils": "*",
        "jws": "3.x.x",
        "underscore": ">= 1.3.1",
        "uuid": "^3.1.0",
        "xmldom": ">= 0.1.x",
        "xpath.js": "~1.1.0"
      },
      "dependencies": {
        "@types/node": {
          "version": "8.10.66",
          "resolved": "https://registry.npmjs.org/@types/node/-/node-8.10.66.tgz",
          "integrity": "sha512-tktOkFUA4kXx2hhhrB8bIFb5TbwzS4uOhKEmwiD+NoiL0qtP2OQ9mFldbgD4dV1djrlBYP6eBuQZiWjuHUpqFw=="
        },
        "axios": {
          "version": "0.21.4",
          "resolved": "https://registry.npmjs.org/axios/-/axios-0.21.4.tgz",
          "integrity": "sha512-ut5vewkiu8jjGBdqpM44XxjuCjq9LAKeHVmoVfHVzy8eHgxxq8SbAVQNovDA8mVi05kP0Ea/n/UzcSHcTJQfNg==",
          "requires": {
            "follow-redirects": "^1.14.0"
          }
        },
        "uuid": {
          "version": "3.4.0",
          "resolved": "https://registry.npmjs.org/uuid/-/uuid-3.4.0.tgz",
          "integrity": "sha512-HjSDRw6gZE5JMggctHBcjVak08+KEVhSIiDzFnT9S9aegmp85S/bReBVTb4QTFaRNptJ9kuYaNhnbNEOkbKb/A=="
        }
      }
    },
    "adaptive-expressions": {
      "version": "4.14.1",
      "resolved": "https://registry.npmjs.org/adaptive-expressions/-/adaptive-expressions-4.14.1.tgz",
      "integrity": "sha512-25ewH/b/ogMWw3yGjH40iNrLmvfYAoabS1hGb/GLimOVNOLgiUjuc2vtG3fJmJRqbpQNElrFbfk8NTuGuOBRVw==",
      "requires": {
        "@microsoft/recognizers-text-data-types-timex-expression": "1.3.0",
        "@types/atob-lite": "^2.0.0",
        "@types/btoa-lite": "^1.0.0",
        "@types/lodash.isequal": "^4.5.5",
        "@types/lru-cache": "^5.1.0",
        "@types/xmldom": "^0.1.30",
        "antlr4ts": "0.5.0-alpha.3",
        "atob-lite": "^2.0.0",
        "big-integer": "^1.6.48",
        "btoa-lite": "^1.0.0",
        "d3-format": "^1.4.4",
        "dayjs": "^1.10.3",
        "jspath": "^0.4.0",
        "lodash.isequal": "^4.5.0",
        "lru-cache": "^5.1.1",
        "uuid": "^8.3.2",
        "x2js": "^3.4.0",
        "xml2js": "^0.4.23",
        "xmldom": "^0.5.0",
        "xpath": "^0.0.32"
      },
      "dependencies": {
        "xmldom": {
          "version": "0.5.0",
          "resolved": "https://registry.npmjs.org/xmldom/-/xmldom-0.5.0.tgz",
          "integrity": "sha512-Foaj5FXVzgn7xFzsKeNIde9g6aFBxTPi37iwsno8QvApmtg7KYrr+OPyRHcJF7dud2a5nGRBXK3n0dL62Gf7PA=="
        }
      }
    },
    "adaptivecards": {
      "version": "2.10.0",
      "resolved": "https://registry.npmjs.org/adaptivecards/-/adaptivecards-2.10.0.tgz",
      "integrity": "sha512-QcgXGFlX3rgIfZkxvQY896zEVBh30mE37z3XKhcQW2OqSUrVH6dNT78MkM//W4wRdrZizSHqXKLaKyVVxAgVFg=="
    },
    "adaptivecards-templating": {
      "version": "2.2.0",
      "resolved": "https://registry.npmjs.org/adaptivecards-templating/-/adaptivecards-templating-2.2.0.tgz",
      "integrity": "sha512-xZy+g2DdI2xFvqGjGYqqcLYJ+373o1JlTX2g6Zclav3r+3ri40qsrKKwM3oNS61MbgicXsuvli2RbTOGsts1sw=="
    },
    "antlr4ts": {
      "version": "0.5.0-alpha.3",
      "resolved": "https://registry.npmjs.org/antlr4ts/-/antlr4ts-0.5.0-alpha.3.tgz",
      "integrity": "sha512-La89tKkGcHFIVuruv4Bm1esc3zLmES2NOTEwwNS1pudz+zx/0FNqQeUu9p48i9/QHKPVqjN87LB+q3buTg7oDQ=="
    },
    "async": {
      "version": "2.6.3",
      "resolved": "https://registry.npmjs.org/async/-/async-2.6.3.tgz",
      "integrity": "sha512-zflvls11DCy+dQWzTW2dzuilv8Z5X/pjfmZOWba6TNIVDm+2UDaJmXSOXlasHKfNBs8oo3M0aT50fDEWfKZjXg==",
      "requires": {
        "lodash": "^4.17.14"
      }
    },
    "asynckit": {
      "version": "0.4.0",
      "resolved": "https://registry.npmjs.org/asynckit/-/asynckit-0.4.0.tgz",
      "integrity": "sha1-x57Zf380y48robyXkLzDZkdLS3k="
    },
    "atob-lite": {
      "version": "2.0.0",
      "resolved": "https://registry.npmjs.org/atob-lite/-/atob-lite-2.0.0.tgz",
      "integrity": "sha1-D+9a1G8b16hQLGVyfwNn1e5D1pY="
    },
    "axios": {
      "version": "0.23.0",
      "resolved": "https://registry.npmjs.org/axios/-/axios-0.23.0.tgz",
      "integrity": "sha512-NmvAE4i0YAv5cKq8zlDoPd1VLKAqX5oLuZKs8xkJa4qi6RGn0uhCYFjWtHHC9EM/MwOwYWOs53W+V0aqEXq1sg==",
      "requires": {
        "follow-redirects": "^1.14.4"
      }
    },
    "base64url": {
      "version": "3.0.1",
      "resolved": "https://registry.npmjs.org/base64url/-/base64url-3.0.1.tgz",
      "integrity": "sha512-ir1UPr3dkwexU7FdV8qBBbNDRUhMmIekYMFZfi+C/sLNnRESKPl23nB9b2pltqfOQNnGzsDdId90AEtG5tCx4A=="
    },
    "big-integer": {
      "version": "1.6.50",
      "resolved": "https://registry.npmjs.org/big-integer/-/big-integer-1.6.50.tgz",
      "integrity": "sha512-+O2uoQWFRo8ysZNo/rjtri2jIwjr3XfeAgRjAUADRqGG+ZITvyn8J1kvXLTaKVr3hhGXk+f23tKfdzmklVM9vQ=="
    },
    "botbuilder": {
      "version": "4.14.1",
      "resolved": "https://registry.npmjs.org/botbuilder/-/botbuilder-4.14.1.tgz",
      "integrity": "sha512-CEtWIDVAAOs6fM9yr9gAVOwNpF2l9yVBk/2Wc0OQgcmIr7OTTBgR/ZnpeRTioyGef1EGC2OkoIggEjZPet7rwA==",
      "requires": {
        "@azure/ms-rest-js": "1.9.1",
        "axios": "^0.21.1",
        "botbuilder-core": "4.14.1",
        "botbuilder-stdlib": "4.14.1-internal",
        "botframework-connector": "4.14.1",
        "botframework-streaming": "4.14.1",
        "dayjs": "^1.10.3",
        "filenamify": "^4.1.0",
        "fs-extra": "^7.0.1",
        "htmlparser2": "^6.0.1",
        "uuid": "^8.3.2",
        "zod": "~1.11.17"
      },
      "dependencies": {
        "axios": {
          "version": "0.21.4",
          "resolved": "https://registry.npmjs.org/axios/-/axios-0.21.4.tgz",
          "integrity": "sha512-ut5vewkiu8jjGBdqpM44XxjuCjq9LAKeHVmoVfHVzy8eHgxxq8SbAVQNovDA8mVi05kP0Ea/n/UzcSHcTJQfNg==",
          "requires": {
            "follow-redirects": "^1.14.0"
          }
        }
      }
    },
    "botbuilder-core": {
      "version": "4.14.1",
      "resolved": "https://registry.npmjs.org/botbuilder-core/-/botbuilder-core-4.14.1.tgz",
      "integrity": "sha512-DgYpV398+EYijBS75YtYGl8T6t3N8Fj/Idblw2mFhLfpA5vP+j5BYgEKvXBpO/cYPoYj+4zU5aSFT9KQS+0Xgw==",
      "requires": {
        "botbuilder-dialogs-adaptive-runtime-core": "4.14.1-preview",
        "botbuilder-stdlib": "4.14.1-internal",
        "botframework-connector": "4.14.1",
        "botframework-schema": "4.14.1",
        "uuid": "^8.3.2",
        "zod": "~1.11.17"
      }
    },
    "botbuilder-dialogs-adaptive-runtime-core": {
      "version": "4.14.1-preview",
      "resolved": "https://registry.npmjs.org/botbuilder-dialogs-adaptive-runtime-core/-/botbuilder-dialogs-adaptive-runtime-core-4.14.1-preview.tgz",
      "integrity": "sha512-+lBfZzom5UMHnHXcTyCHjHZtwVO5EemeVckg0RzPysCuqXB01Jp9Dknfiy1ldtPJoJYHr4s40gAvIIA5ijIMcg==",
      "requires": {
        "dependency-graph": "^0.10.0"
      }
    },
    "botbuilder-stdlib": {
      "version": "4.14.1-internal",
      "resolved": "https://registry.npmjs.org/botbuilder-stdlib/-/botbuilder-stdlib-4.14.1-internal.tgz",
      "integrity": "sha512-cyEw/X5i21e2mq6qn7NViSk5f/jg2gukyQkExX1CWh0TEM3w8UtzkZX2zq+lpDLDkBTJWA09BbiVS/D/IM6PVA=="
    },
    "botframework-connector": {
      "version": "4.14.1",
      "resolved": "https://registry.npmjs.org/botframework-connector/-/botframework-connector-4.14.1.tgz",
      "integrity": "sha512-HQ5fsh5cB6tnUqAQurg8EpHCV/SyLsq2ava11SKqvOR+2nh6YEYDAsso/yDsUOL9Dfz77NweVI9JhS/F9K2Z6g==",
      "requires": {
        "@azure/ms-rest-js": "1.9.1",
        "@types/jsonwebtoken": "7.2.8",
        "@types/node": "^10.17.27",
        "adal-node": "0.2.2",
        "axios": "^0.21.1",
        "base64url": "^3.0.0",
        "botbuilder-stdlib": "4.14.1-internal",
        "botframework-schema": "4.14.1",
        "cross-fetch": "^3.0.5",
        "jsonwebtoken": "8.0.1",
        "rsa-pem-from-mod-exp": "^0.8.4"
      },
      "dependencies": {
        "@types/node": {
          "version": "10.17.60",
          "resolved": "https://registry.npmjs.org/@types/node/-/node-10.17.60.tgz",
          "integrity": "sha512-F0KIgDJfy2nA3zMLmWGKxcH2ZVEtCZXHHdOQs2gSaQ27+lNeEfGxzkIw90aXswATX7AZ33tahPbzy6KAfUreVw=="
        },
        "axios": {
          "version": "0.21.4",
          "resolved": "https://registry.npmjs.org/axios/-/axios-0.21.4.tgz",
          "integrity": "sha512-ut5vewkiu8jjGBdqpM44XxjuCjq9LAKeHVmoVfHVzy8eHgxxq8SbAVQNovDA8mVi05kP0Ea/n/UzcSHcTJQfNg==",
          "requires": {
            "follow-redirects": "^1.14.0"
          }
        }
      }
    },
    "botframework-schema": {
      "version": "4.14.1",
      "resolved": "https://registry.npmjs.org/botframework-schema/-/botframework-schema-4.14.1.tgz",
      "integrity": "sha512-v1zptzaCuNMmRV+5gb4+8K2BtTh5qyAN+WC5I706gk7BcYSVI+RP33g9bFHRERaNcqGHTjsujiOmEm4AJK4nGQ==",
      "requires": {
        "botbuilder-stdlib": "4.14.1-internal",
        "uuid": "^8.3.2"
      }
    },
    "botframework-streaming": {
      "version": "4.14.1",
      "resolved": "https://registry.npmjs.org/botframework-streaming/-/botframework-streaming-4.14.1.tgz",
      "integrity": "sha512-x5J9CB/PbKieJroPDy0qgwx7l6s9djkIxW7nSfq4neqKpquPJe+tukw2heINvXZWGkL3OXlaHTXVJRaRsoyNRQ==",
      "requires": {
        "@types/node": "^10.17.27",
        "@types/ws": "^6.0.3",
        "uuid": "^8.3.2",
        "ws": "^7.1.2"
      },
      "dependencies": {
        "@types/node": {
          "version": "10.17.60",
          "resolved": "https://registry.npmjs.org/@types/node/-/node-10.17.60.tgz",
          "integrity": "sha512-F0KIgDJfy2nA3zMLmWGKxcH2ZVEtCZXHHdOQs2gSaQ27+lNeEfGxzkIw90aXswATX7AZ33tahPbzy6KAfUreVw=="
        }
      }
    },
    "btoa-lite": {
      "version": "1.0.0",
      "resolved": "https://registry.npmjs.org/btoa-lite/-/btoa-lite-1.0.0.tgz",
      "integrity": "sha1-M3dm2hWAEhD92VbCLpxokaudAzc="
    },
    "buffer-equal-constant-time": {
      "version": "1.0.1",
      "resolved": "https://registry.npmjs.org/buffer-equal-constant-time/-/buffer-equal-constant-time-1.0.1.tgz",
      "integrity": "sha1-+OcRMvf/5uAaXJaXpMbz5I1cyBk="
    },
    "combined-stream": {
      "version": "1.0.8",
      "resolved": "https://registry.npmjs.org/combined-stream/-/combined-stream-1.0.8.tgz",
      "integrity": "sha512-FQN4MRfuJeHf7cBbBMJFXhKSDq+2kAArBlmRBvcvFE5BB1HZKXtSFASDhdlz9zOYwxh8lDdnvmMOe/+5cdoEdg==",
      "requires": {
        "delayed-stream": "~1.0.0"
      }
    },
    "cross-fetch": {
      "version": "3.1.4",
      "resolved": "https://registry.npmjs.org/cross-fetch/-/cross-fetch-3.1.4.tgz",
      "integrity": "sha512-1eAtFWdIubi6T4XPy6ei9iUFoKpUkIF971QLN8lIvvvwueI65+Nw5haMNKUwfJxabqlIIDODJKGrQ66gxC0PbQ==",
      "requires": {
        "node-fetch": "2.6.1"
      }
    },
    "d3-format": {
      "version": "1.4.5",
      "resolved": "https://registry.npmjs.org/d3-format/-/d3-format-1.4.5.tgz",
      "integrity": "sha512-J0piedu6Z8iB6TbIGfZgDzfXxUFN3qQRMofy2oPdXzQibYGqPB/9iMcxr/TGalU+2RsyDO+U4f33id8tbnSRMQ=="
    },
    "date-utils": {
      "version": "1.2.21",
      "resolved": "https://registry.npmjs.org/date-utils/-/date-utils-1.2.21.tgz",
      "integrity": "sha1-YfsWzcEnSzyayq/+n8ad+HIKK2Q="
    },
    "dayjs": {
      "version": "1.10.7",
      "resolved": "https://registry.npmjs.org/dayjs/-/dayjs-1.10.7.tgz",
      "integrity": "sha512-P6twpd70BcPK34K26uJ1KT3wlhpuOAPoMwJzpsIWUxHZ7wpmbdZL/hQqBDfz7hGurYSa5PhzdhDHtt319hL3ig=="
    },
    "delayed-stream": {
      "version": "1.0.0",
      "resolved": "https://registry.npmjs.org/delayed-stream/-/delayed-stream-1.0.0.tgz",
      "integrity": "sha1-3zrhmayt+31ECqrgsp4icrJOxhk="
    },
    "dependency-graph": {
      "version": "0.10.0",
      "resolved": "https://registry.npmjs.org/dependency-graph/-/dependency-graph-0.10.0.tgz",
      "integrity": "sha512-c9amUgpgxSi1bE5/sbLwcs5diLD0ygCQYmhfM5H1s5VH1mCsYkcmAL3CcNdv4kdSw6JuMoHeDGzLgj/gAXdWVg=="
    },
    "dom-serializer": {
      "version": "1.3.2",
      "resolved": "https://registry.npmjs.org/dom-serializer/-/dom-serializer-1.3.2.tgz",
      "integrity": "sha512-5c54Bk5Dw4qAxNOI1pFEizPSjVsx5+bpJKmL2kPn8JhBUq2q09tTCa3mjijun2NfK78NMouDYNMBkOrPZiS+ig==",
      "requires": {
        "domelementtype": "^2.0.1",
        "domhandler": "^4.2.0",
        "entities": "^2.0.0"
      }
    },
    "domelementtype": {
      "version": "2.2.0",
      "resolved": "https://registry.npmjs.org/domelementtype/-/domelementtype-2.2.0.tgz",
      "integrity": "sha512-DtBMo82pv1dFtUmHyr48beiuq792Sxohr+8Hm9zoxklYPfa6n0Z3Byjj2IV7bmr2IyqClnqEQhfgHJJ5QF0R5A=="
    },
    "domhandler": {
      "version": "4.2.2",
      "resolved": "https://registry.npmjs.org/domhandler/-/domhandler-4.2.2.tgz",
      "integrity": "sha512-PzE9aBMsdZO8TK4BnuJwH0QT41wgMbRzuZrHUcpYncEjmQazq8QEaBWgLG7ZyC/DAZKEgglpIA6j4Qn/HmxS3w==",
      "requires": {
        "domelementtype": "^2.2.0"
      }
    },
    "domutils": {
      "version": "2.8.0",
      "resolved": "https://registry.npmjs.org/domutils/-/domutils-2.8.0.tgz",
      "integrity": "sha512-w96Cjofp72M5IIhpjgobBimYEfoPjx1Vx0BSX9P30WBdZW2WIKU0T1Bd0kz2eNZ9ikjKgHbEyKx8BB6H1L3h3A==",
      "requires": {
        "dom-serializer": "^1.0.1",
        "domelementtype": "^2.2.0",
        "domhandler": "^4.2.0"
      }
    },
    "ecdsa-sig-formatter": {
      "version": "1.0.11",
      "resolved": "https://registry.npmjs.org/ecdsa-sig-formatter/-/ecdsa-sig-formatter-1.0.11.tgz",
      "integrity": "sha512-nagl3RYrbNv6kQkeJIpt6NJZy8twLB/2vtz6yN9Z4vRKHN4/QZJIEbqohALSgwKdnksuY3k5Addp5lg8sVoVcQ==",
      "requires": {
        "safe-buffer": "^5.0.1"
      }
    },
    "entities": {
      "version": "2.2.0",
      "resolved": "https://registry.npmjs.org/entities/-/entities-2.2.0.tgz",
      "integrity": "sha512-p92if5Nz619I0w+akJrLZH0MX0Pb5DX39XOwQTtXSdQQOaYH03S1uIQp4mhOZtAXrxq4ViO67YTiLBo2638o9A=="
    },
    "escape-string-regexp": {
      "version": "1.0.5",
      "resolved": "https://registry.npmjs.org/escape-string-regexp/-/escape-string-regexp-1.0.5.tgz",
      "integrity": "sha1-G2HAViGQqN/2rjuyzwIAyhMLhtQ="
    },
    "filename-reserved-regex": {
      "version": "2.0.0",
      "resolved": "https://registry.npmjs.org/filename-reserved-regex/-/filename-reserved-regex-2.0.0.tgz",
      "integrity": "sha1-q/c9+rc10EVECr/qLZHzieu/oik="
    },
    "filenamify": {
      "version": "4.3.0",
      "resolved": "https://registry.npmjs.org/filenamify/-/filenamify-4.3.0.tgz",
      "integrity": "sha512-hcFKyUG57yWGAzu1CMt/dPzYZuv+jAJUT85bL8mrXvNe6hWj6yEHEc4EdcgiA6Z3oi1/9wXJdZPXF2dZNgwgOg==",
      "requires": {
        "filename-reserved-regex": "^2.0.0",
        "strip-outer": "^1.0.1",
        "trim-repeated": "^1.0.0"
      }
    },
    "follow-redirects": {
      "version": "1.14.4",
      "resolved": "https://registry.npmjs.org/follow-redirects/-/follow-redirects-1.14.4.tgz",
      "integrity": "sha512-zwGkiSXC1MUJG/qmeIFH2HBJx9u0V46QGUe3YR1fXG8bXQxq7fLj0RjLZQ5nubr9qNJUZrH+xUcwXEoXNpfS+g=="
    },
    "form-data": {
      "version": "2.5.1",
      "resolved": "https://registry.npmjs.org/form-data/-/form-data-2.5.1.tgz",
      "integrity": "sha512-m21N3WOmEEURgk6B9GLOE4RuWOFf28Lhh9qGYeNlGq4VDXUlJy2th2slBNU8Gp8EzloYZOibZJ7t5ecIrFSjVA==",
      "requires": {
        "asynckit": "^0.4.0",
        "combined-stream": "^1.0.6",
        "mime-types": "^2.1.12"
      }
    },
    "fs-extra": {
      "version": "7.0.1",
      "resolved": "https://registry.npmjs.org/fs-extra/-/fs-extra-7.0.1.tgz",
      "integrity": "sha512-YJDaCJZEnBmcbw13fvdAM9AwNOJwOzrE4pqMqBq5nFiEqXUqHwlK4B+3pUw6JNvfSPtX05xFHtYy/1ni01eGCw==",
      "requires": {
        "graceful-fs": "^4.1.2",
        "jsonfile": "^4.0.0",
        "universalify": "^0.1.0"
      }
    },
    "graceful-fs": {
      "version": "4.2.8",
      "resolved": "https://registry.npmjs.org/graceful-fs/-/graceful-fs-4.2.8.tgz",
      "integrity": "sha512-qkIilPUYcNhJpd33n0GBXTB1MMPp14TxEsEs0pTrsSVucApsYzW5V+Q8Qxhik6KU3evy+qkAAowTByymK0avdg=="
    },
    "htmlparser2": {
      "version": "6.1.0",
      "resolved": "https://registry.npmjs.org/htmlparser2/-/htmlparser2-6.1.0.tgz",
      "integrity": "sha512-gyyPk6rgonLFEDGoeRgQNaEUvdJ4ktTmmUh/h2t7s+M8oPpIPxgNACWa+6ESR57kXstwqPiCut0V8NRpcwgU7A==",
      "requires": {
        "domelementtype": "^2.0.1",
        "domhandler": "^4.0.0",
        "domutils": "^2.5.2",
        "entities": "^2.0.0"
      }
    },
    "json-schema": {
      "version": "0.3.0",
      "resolved": "https://registry.npmjs.org/json-schema/-/json-schema-0.3.0.tgz",
      "integrity": "sha512-TYfxx36xfl52Rf1LU9HyWSLGPdYLL+SQ8/E/0yVyKG8wCCDaSrhPap0vEdlsZWRaS6tnKKLPGiEJGiREVC8kxQ=="
    },
    "jsonfile": {
      "version": "4.0.0",
      "resolved": "https://registry.npmjs.org/jsonfile/-/jsonfile-4.0.0.tgz",
      "integrity": "sha1-h3Gq4HmbZAdrdmQPygWPnBDjPss=",
      "requires": {
        "graceful-fs": "^4.1.6"
      }
    },
    "jsonwebtoken": {
      "version": "8.0.1",
      "resolved": "https://registry.npmjs.org/jsonwebtoken/-/jsonwebtoken-8.0.1.tgz",
      "integrity": "sha1-UNrvjQqMfeLNBrwQE7dbBMzz8M8=",
      "requires": {
        "jws": "^3.1.4",
        "lodash.includes": "^4.3.0",
        "lodash.isboolean": "^3.0.3",
        "lodash.isinteger": "^4.0.4",
        "lodash.isnumber": "^3.0.3",
        "lodash.isplainobject": "^4.0.6",
        "lodash.isstring": "^4.0.1",
        "lodash.once": "^4.0.0",
        "ms": "^2.0.0",
        "xtend": "^4.0.1"
      }
    },
    "jspath": {
      "version": "0.4.0",
      "resolved": "https://registry.npmjs.org/jspath/-/jspath-0.4.0.tgz",
      "integrity": "sha512-2/R8wkot8NCXrppBT/onp+4mcAUAZqtPxsW6aSJU3hrFAVqKqtFYcat2XJZ7inN4RtATUxfv0UQSYOmvJKiIGA=="
    },
    "jwa": {
      "version": "1.4.1",
      "resolved": "https://registry.npmjs.org/jwa/-/jwa-1.4.1.tgz",
      "integrity": "sha512-qiLX/xhEEFKUAJ6FiBMbes3w9ATzyk5W7Hvzpa/SLYdxNtng+gcurvrI7TbACjIXlsJyr05/S1oUhZrc63evQA==",
      "requires": {
        "buffer-equal-constant-time": "1.0.1",
        "ecdsa-sig-formatter": "1.0.11",
        "safe-buffer": "^5.0.1"
      }
    },
    "jws": {
      "version": "3.2.2",
      "resolved": "https://registry.npmjs.org/jws/-/jws-3.2.2.tgz",
      "integrity": "sha512-YHlZCB6lMTllWDtSPHz/ZXTsi8S00usEV6v1tjq8tOUZzw7DpSDWVXjXDre6ed1w/pd495ODpHZYSdkRTsa0HA==",
      "requires": {
        "jwa": "^1.4.1",
        "safe-buffer": "^5.0.1"
      }
    },
    "lodash": {
      "version": "4.17.21",
      "resolved": "https://registry.npmjs.org/lodash/-/lodash-4.17.21.tgz",
      "integrity": "sha512-v2kDEe57lecTulaDIuNTPy3Ry4gLGJ6Z1O3vE1krgXZNrsQ+LFTGHVxVjcXPs17LhbZVGedAJv8XZ1tvj5FvSg=="
    },
    "lodash.includes": {
      "version": "4.3.0",
      "resolved": "https://registry.npmjs.org/lodash.includes/-/lodash.includes-4.3.0.tgz",
      "integrity": "sha1-YLuYqHy5I8aMoeUTJUgzFISfVT8="
    },
    "lodash.isboolean": {
      "version": "3.0.3",
      "resolved": "https://registry.npmjs.org/lodash.isboolean/-/lodash.isboolean-3.0.3.tgz",
      "integrity": "sha1-bC4XHbKiV82WgC/UOwGyDV9YcPY="
    },
    "lodash.isequal": {
      "version": "4.5.0",
      "resolved": "https://registry.npmjs.org/lodash.isequal/-/lodash.isequal-4.5.0.tgz",
      "integrity": "sha1-QVxEePK8wwEgwizhDtMib30+GOA="
    },
    "lodash.isinteger": {
      "version": "4.0.4",
      "resolved": "https://registry.npmjs.org/lodash.isinteger/-/lodash.isinteger-4.0.4.tgz",
      "integrity": "sha1-YZwK89A/iwTDH1iChAt3sRzWg0M="
    },
    "lodash.isnumber": {
      "version": "3.0.3",
      "resolved": "https://registry.npmjs.org/lodash.isnumber/-/lodash.isnumber-3.0.3.tgz",
      "integrity": "sha1-POdoEMWSjQM1IwGsKHMX8RwLH/w="
    },
    "lodash.isplainobject": {
      "version": "4.0.6",
      "resolved": "https://registry.npmjs.org/lodash.isplainobject/-/lodash.isplainobject-4.0.6.tgz",
      "integrity": "sha1-fFJqUtibRcRcxpC4gWO+BJf1UMs="
    },
    "lodash.isstring": {
      "version": "4.0.1",
      "resolved": "https://registry.npmjs.org/lodash.isstring/-/lodash.isstring-4.0.1.tgz",
      "integrity": "sha1-1SfftUVuynzJu5XV2ur4i6VKVFE="
    },
    "lodash.once": {
      "version": "4.1.1",
      "resolved": "https://registry.npmjs.org/lodash.once/-/lodash.once-4.1.1.tgz",
      "integrity": "sha1-DdOXEhPHxW34gJd9UEyI+0cal6w="
    },
    "lru-cache": {
      "version": "5.1.1",
      "resolved": "https://registry.npmjs.org/lru-cache/-/lru-cache-5.1.1.tgz",
      "integrity": "sha512-KpNARQA3Iwv+jTA0utUVVbrh+Jlrr1Fv0e56GGzAFOXN7dk/FviaDW8LHmK52DlcH4WP2n6gI8vN1aesBFgo9w==",
      "requires": {
        "yallist": "^3.0.2"
      }
    },
    "mime-db": {
      "version": "1.50.0",
      "resolved": "https://registry.npmjs.org/mime-db/-/mime-db-1.50.0.tgz",
      "integrity": "sha512-9tMZCDlYHqeERXEHO9f/hKfNXhre5dK2eE/krIvUjZbS2KPcqGDfNShIWS1uW9XOTKQKqK6qbeOci18rbfW77A=="
    },
    "mime-types": {
      "version": "2.1.33",
      "resolved": "https://registry.npmjs.org/mime-types/-/mime-types-2.1.33.tgz",
      "integrity": "sha512-plLElXp7pRDd0bNZHw+nMd52vRYjLwQjygaNg7ddJ2uJtTlmnTCjWuPKxVu6//AdaRuME84SvLW91sIkBqGT0g==",
      "requires": {
        "mime-db": "1.50.0"
      }
    },
    "ms": {
      "version": "2.1.3",
      "resolved": "https://registry.npmjs.org/ms/-/ms-2.1.3.tgz",
      "integrity": "sha512-6FlzubTLZG3J2a/NVCAleEhjzq5oxgHyaCU9yYXvcLsvoVaHJq/s5xXI6/XXP6tz7R9xAOtHnSO/tXtF3WRTlA=="
    },
    "node-fetch": {
      "version": "2.6.1",
      "resolved": "https://registry.npmjs.org/node-fetch/-/node-fetch-2.6.1.tgz",
      "integrity": "sha512-V4aYg89jEoVRxRb2fJdAg8FHvI7cEyYdVAh94HH0UIK8oJxUfkjlDQN9RbMx+bEjP7+ggMiFRprSti032Oipxw=="
    },
    "psl": {
      "version": "1.8.0",
      "resolved": "https://registry.npmjs.org/psl/-/psl-1.8.0.tgz",
      "integrity": "sha512-RIdOzyoavK+hA18OGGWDqUTsCLhtA7IcZ/6NCs4fFJaHBDab+pDDmDIByWFRQJq2Cd7r1OoQxBGKOaztq+hjIQ=="
    },
    "punycode": {
      "version": "2.1.1",
      "resolved": "https://registry.npmjs.org/punycode/-/punycode-2.1.1.tgz",
      "integrity": "sha512-XRsRjdf+j5ml+y/6GKHPZbrF/8p2Yga0JPtdqTIY2Xe5ohJPD9saDJJLPvp9+NSBprVvevdXZybnj2cv8OEd0A=="
    },
    "rsa-pem-from-mod-exp": {
      "version": "0.8.4",
      "resolved": "https://registry.npmjs.org/rsa-pem-from-mod-exp/-/rsa-pem-from-mod-exp-0.8.4.tgz",
      "integrity": "sha1-NipCxtMEBW1JOz8SvOq7LGV2ptQ="
    },
    "safe-buffer": {
      "version": "5.2.1",
      "resolved": "https://registry.npmjs.org/safe-buffer/-/safe-buffer-5.2.1.tgz",
      "integrity": "sha512-rp3So07KcdmmKbGvgaNxQSJr7bGVSVk5S9Eq1F+ppbRo70+YeaDxkw5Dd8NPN+GD6bjnYm2VuPuCXmpuYvmCXQ=="
    },
    "sax": {
      "version": "1.2.4",
      "resolved": "https://registry.npmjs.org/sax/-/sax-1.2.4.tgz",
      "integrity": "sha512-NqVDv9TpANUjFm0N8uM5GxL36UgKi9/atZw+x7YFnQ8ckwFGKrl4xX4yWtrey3UJm5nP1kUbnYgLopqWNSRhWw=="
    },
    "strip-outer": {
      "version": "1.0.1",
      "resolved": "https://registry.npmjs.org/strip-outer/-/strip-outer-1.0.1.tgz",
      "integrity": "sha512-k55yxKHwaXnpYGsOzg4Vl8+tDrWylxDEpknGjhTiZB8dFRU5rTo9CAzeycivxV3s+zlTKwrs6WxMxR95n26kwg==",
      "requires": {
        "escape-string-regexp": "^1.0.2"
      }
    },
    "tough-cookie": {
      "version": "2.5.0",
      "resolved": "https://registry.npmjs.org/tough-cookie/-/tough-cookie-2.5.0.tgz",
      "integrity": "sha512-nlLsUzgm1kfLXSXfRZMc1KLAugd4hqJHDTvc2hDIwS3mZAfMEuMbc03SujMF+GEcpaX/qboeycw6iO8JwVv2+g==",
      "requires": {
        "psl": "^1.1.28",
        "punycode": "^2.1.1"
      }
    },
    "trim-repeated": {
      "version": "1.0.0",
      "resolved": "https://registry.npmjs.org/trim-repeated/-/trim-repeated-1.0.0.tgz",
      "integrity": "sha1-42RqLqTokTEr9+rObPsFOAvAHCE=",
      "requires": {
        "escape-string-regexp": "^1.0.2"
      }
    },
    "tslib": {
      "version": "1.14.1",
      "resolved": "https://registry.npmjs.org/tslib/-/tslib-1.14.1.tgz",
      "integrity": "sha512-Xni35NKzjgMrwevysHTCArtLDpPvye8zV/0E4EyYn43P7/7qvQwPh9BGkHewbMulVntbigmcT7rdX3BNo9wRJg=="
    },
    "tunnel": {
      "version": "0.0.6",
      "resolved": "https://registry.npmjs.org/tunnel/-/tunnel-0.0.6.tgz",
      "integrity": "sha512-1h/Lnq9yajKY2PEbBadPXj3VxsDDu844OnaAo52UVmIzIvwwtBPIuNvkjuzBlTWpfJyUbG3ez0KSBibQkj4ojg=="
    },
    "typescript": {
      "version": "4.4.4",
      "resolved": "https://registry.npmjs.org/typescript/-/typescript-4.4.4.tgz",
      "integrity": "sha512-DqGhF5IKoBl8WNf8C1gu8q0xZSInh9j1kJJMqT3a94w1JzVaBU4EXOSMrz9yDqMT0xt3selp83fuFMQ0uzv6qA==",
      "dev": true
    },
    "underscore": {
      "version": "1.13.1",
      "resolved": "https://registry.npmjs.org/underscore/-/underscore-1.13.1.tgz",
      "integrity": "sha512-hzSoAVtJF+3ZtiFX0VgfFPHEDRm7Y/QPjGyNo4TVdnDTdft3tr8hEkD25a1jC+TjTuE7tkHGKkhwCgs9dgBB2g=="
    },
    "universalify": {
      "version": "0.1.2",
      "resolved": "https://registry.npmjs.org/universalify/-/universalify-0.1.2.tgz",
      "integrity": "sha512-rBJeI5CXAlmy1pV+617WB9J63U6XcazHHF2f2dbJix4XzpUF0RS3Zbj0FGIOCAva5P/d/GBOYaACQ1w+0azUkg=="
    },
    "uuid": {
      "version": "8.3.2",
      "resolved": "https://registry.npmjs.org/uuid/-/uuid-8.3.2.tgz",
      "integrity": "sha512-+NYs2QeMWy+GWFOEm9xnn6HCDp0l7QBD7ml8zLUmJ+93Q5NF0NocErnwkTkXVFNiX3/fpC6afS8Dhb/gz7R7eg=="
    },
    "ws": {
      "version": "7.5.5",
      "resolved": "https://registry.npmjs.org/ws/-/ws-7.5.5.tgz",
      "integrity": "sha512-BAkMFcAzl8as1G/hArkxOxq3G7pjUqQ3gzYbLL0/5zNkph70e+lCoxBGnm6AW1+/aiNeV4fnKqZ8m4GZewmH2w=="
    },
    "x2js": {
      "version": "3.4.2",
      "resolved": "https://registry.npmjs.org/x2js/-/x2js-3.4.2.tgz",
      "integrity": "sha512-Jq6404udUnfBhElBNum8dl1KzhxLUJOPvZ3dE+8UMoYNbts3aJlLZxw0H0UjrYCDz/IQlqpYtC8X273XoRrGFw==",
      "requires": {
        "@xmldom/xmldom": "^0.7.4"
      }
    },
    "xml2js": {
      "version": "0.4.23",
      "resolved": "https://registry.npmjs.org/xml2js/-/xml2js-0.4.23.tgz",
      "integrity": "sha512-ySPiMjM0+pLDftHgXY4By0uswI3SPKLDw/i3UXbnO8M/p28zqexCUoPmQFrYD+/1BzhGJSs2i1ERWKJAtiLrug==",
      "requires": {
        "sax": ">=0.6.0",
        "xmlbuilder": "~11.0.0"
      }
    },
    "xmlbuilder": {
      "version": "11.0.1",
      "resolved": "https://registry.npmjs.org/xmlbuilder/-/xmlbuilder-11.0.1.tgz",
      "integrity": "sha512-fDlsI/kFEx7gLvbecc0/ohLG50fugQp8ryHzMTuW9vSa1GJ0XYWKnhsUx7oie3G98+r56aTQIUB4kht42R3JvA=="
    },
    "xmldom": {
      "version": "0.6.0",
      "resolved": "https://registry.npmjs.org/xmldom/-/xmldom-0.6.0.tgz",
      "integrity": "sha512-iAcin401y58LckRZ0TkI4k0VSM1Qg0KGSc3i8rU+xrxe19A/BN1zHyVSJY7uoutVlaTSzYyk/v5AmkewAP7jtg=="
    },
    "xpath": {
      "version": "0.0.32",
      "resolved": "https://registry.npmjs.org/xpath/-/xpath-0.0.32.tgz",
      "integrity": "sha512-rxMJhSIoiO8vXcWvSifKqhvV96GjiD5wYb8/QHdoRyQvraTpp4IEv944nhGausZZ3u7dhQXteZuZbaqfpB7uYw=="
    },
    "xpath.js": {
      "version": "1.1.0",
      "resolved": "https://registry.npmjs.org/xpath.js/-/xpath.js-1.1.0.tgz",
      "integrity": "sha512-jg+qkfS4K8E7965sqaUl8mRngXiKb3WZGfONgE18pr03FUQiuSV6G+Ej4tS55B+rIQSFEIw3phdVAQ4pPqNWfQ=="
    },
    "xtend": {
      "version": "4.0.2",
      "resolved": "https://registry.npmjs.org/xtend/-/xtend-4.0.2.tgz",
      "integrity": "sha512-LKYU1iAXJXUgAXn9URjiu+MWhyUXHsvfp7mcuYm9dSUKK0/CjtrUwFAxD82/mCWbtLsGjFIad0wIsod4zrTAEQ=="
    },
    "yallist": {
      "version": "3.1.1",
      "resolved": "https://registry.npmjs.org/yallist/-/yallist-3.1.1.tgz",
      "integrity": "sha512-a4UGQaWPH59mOXUYnAG2ewncQS4i4F43Tv3JoAM+s2VDAmS9NsK8GpDMLrCHPksFT7h3K6TOoUNn2pb7RoXx4g=="
    },
    "zod": {
      "version": "1.11.17",
      "resolved": "https://registry.npmjs.org/zod/-/zod-1.11.17.tgz",
      "integrity": "sha512-UzIwO92D0dSFwIRyyqAfRXICITLjF0IP8tRbEK/un7adirMssWZx8xF/1hZNE7t61knWZ+lhEuUvxlu2MO8qqA=="
    }
  }
}
